
Microsoft Visual Studio Solution File, Format Version 12.00
# Visual Studio Version 17
VisualStudioVersion = 17.9.34728.123
MinimumVisualStudioVersion = 10.0.40219.1
Project("{9A19103F-16F7-4668-BE54-9A1E7A4F7556}") = "TheInBazar.Api", "TheInBazar.Api\TheInBazar.Api.csproj", "{B1DC4936-F596-4479-A049-871490C5F12F}"
EndProject
Project("{9A19103F-16F7-4668-BE54-9A1E7A4F7556}") = "TheInBazar.Domain", "TheInBazar.Domain\TheInBazar.Domain.csproj", "{AB1133EB-9D1F-4DF7-B02D-E87D15AA55A7}"
EndProject
Project("{9A19103F-16F7-4668-BE54-9A1E7A4F7556}") = "TheInBazar.Data", "TheInBazar.Data\TheInBazar.Data.csproj", "{04005680-38B3-425B-A5A0-598EE9686185}"
EndProject
Project("{FAE04EC0-301F-11D3-BF4B-00C04F79EFBC}") = "TheInBazar.Service", "TheInBazar.Service\TheInBazar.Service.csproj", "{63C0E746-1BAC-40D5-84F1-0CFDC2F5FC45}"
EndProject
Project("{FAE04EC0-301F-11D3-BF4B-00C04F79EFBC}") = "TheInBazar.Test", "TheInBazar.Test\TheInBazar.Test.csproj", "{2DDF05ED-8CFB-41DB-9319-952A3FB76E68}"
EndProject
Global
	GlobalSection(SolutionConfigurationPlatforms) = preSolution
		Debug|Any CPU = Debug|Any CPU
		Release|Any CPU = Release|Any CPU
	EndGlobalSection
	GlobalSection(ProjectConfigurationPlatforms) = postSolution
		{B1DC4936-F596-4479-A049-871490C5F12F}.Debug|Any CPU.ActiveCfg = Debug|Any CPU
		{B1DC4936-F596-4479-A049-871490C5F12F}.Debug|Any CPU.Build.0 = Debug|Any CPU
		{B1DC4936-F596-4479-A049-871490C5F12F}.Release|Any CPU.ActiveCfg = Release|Any CPU
		{B1DC4936-F596-4479-A049-871490C5F12F}.Release|Any CPU.Build.0 = Release|Any CPU
		{AB1133EB-9D1F-4DF7-B02D-E87D15AA55A7}.Debug|Any CPU.ActiveCfg = Debug|Any CPU
		{AB1133EB-9D1F-4DF7-B02D-E87D15AA55A7}.Debug|Any CPU.Build.0 = Debug|Any CPU
		{AB1133EB-9D1F-4DF7-B02D-E87D15AA55A7}.Release|Any CPU.ActiveCfg = Release|Any CPU
		{AB1133EB-9D1F-4DF7-B02D-E87D15AA55A7}.Release|Any CPU.Build.0 = Release|Any CPU
		{04005680-38B3-425B-A5A0-598EE9686185}.Debug|Any CPU.ActiveCfg = Debug|Any CPU
		{04005680-38B3-425B-A5A0-598EE9686185}.Debug|Any CPU.Build.0 = Debug|Any CPU
		{04005680-38B3-425B-A5A0-598EE9686185}.Release|Any CPU.ActiveCfg = Release|Any CPU
		{04005680-38B3-425B-A5A0-598EE9686185}.Release|Any CPU.Build.0 = Release|Any CPU
		{63C0E746-1BAC-40D5-84F1-0CFDC2F5FC45}.Debug|Any CPU.ActiveCfg = Debug|Any CPU
		{63C0E746-1BAC-40D5-84F1-0CFDC2F5FC45}.Debug|Any CPU.Build.0 = Debug|Any CPU
		{63C0E746-1BAC-40D5-84F1-0CFDC2F5FC45}.Release|Any CPU.ActiveCfg = Release|Any CPU
		{63C0E746-1BAC-40D5-84F1-0CFDC2F5FC45}.Release|Any CPU.Build.0 = Release|Any CPU
		{2DDF05ED-8CFB-41DB-9319-952A3FB76E68}.Debug|Any CPU.ActiveCfg = Debug|Any CPU
		{2DDF05ED-8CFB-41DB-9319-952A3FB76E68}.Debug|Any CPU.Build.0 = Debug|Any CPU
		{2DDF05ED-8CFB-41DB-9319-952A3FB76E68}.Release|Any CPU.ActiveCfg = Release|Any CPU
		{2DDF05ED-8CFB-41DB-9319-952A3FB76E68}.Release|Any CPU.Build.0 = Release|Any CPU
	EndGlobalSection
	GlobalSection(SolutionProperties) = preSolution
		HideSolutionNode = FALSE
	EndGlobalSection
	GlobalSection(ExtensibilityGlobals) = postSolution
		SolutionGuid = {C14A1183-D9B7-434A-A037-69BCD001A616}
	EndGlobalSection
EndGlobal
